// !$*UTF8*$!
{
	archiveVersion = 1;
	classes = {
	};
	objectVersion = 48;
	objects = {

/* Begin PBXBuildFile section */
		82D8E5E82035B7B700C050A0 /* AppDelegate.swift in Sources */ = {isa = PBXBuildFile; fileRef = 82D8E5E72035B7B700C050A0 /* AppDelegate.swift */; };
		82D8E5EA2035B7B700C050A0 /* TodoListViewController.swift in Sources */ = {isa = PBXBuildFile; fileRef = 82D8E5E92035B7B700C050A0 /* TodoListViewController.swift */; };
		82D8E5ED2035B7B700C050A0 /* Main.storyboard in Resources */ = {isa = PBXBuildFile; fileRef = 82D8E5EB2035B7B700C050A0 /* Main.storyboard */; };
		82D8E5EF2035B7B700C050A0 /* Assets.xcassets in Resources */ = {isa = PBXBuildFile; fileRef = 82D8E5EE2035B7B700C050A0 /* Assets.xcassets */; };
		82D8E5F22035B7B700C050A0 /* LaunchScreen.storyboard in Resources */ = {isa = PBXBuildFile; fileRef = 82D8E5F02035B7B700C050A0 /* LaunchScreen.storyboard */; };
		82D8E624203C74CA00C050A0 /* CategoryViewController.swift in Sources */ = {isa = PBXBuildFile; fileRef = 82D8E623203C74CA00C050A0 /* CategoryViewController.swift */; };
		82E517BB203CBB3400FD5930 /* Item.swift in Sources */ = {isa = PBXBuildFile; fileRef = 82E517BA203CBB3400FD5930 /* Item.swift */; };
		82E517BD203CBB4100FD5930 /* Category.swift in Sources */ = {isa = PBXBuildFile; fileRef = 82E517BC203CBB4100FD5930 /* Category.swift */; };
		FA656961A114C825F7734DAD /* Pods_Todoey.framework in Frameworks */ = {isa = PBXBuildFile; fileRef = 24EF2598197470191E584046 /* Pods_Todoey.framework */; };
/* End PBXBuildFile section */

/* Begin PBXFileReference section */
		2024C793DCABEFB8FB40A461 /* Pods-Todoey.release.xcconfig */ = {isa = PBXFileReference; includeInIndex = 1; lastKnownFileType = text.xcconfig; name = "Pods-Todoey.release.xcconfig"; path = "Pods/Target Support Files/Pods-Todoey/Pods-Todoey.release.xcconfig"; sourceTree = "<group>"; };
		24EF2598197470191E584046 /* Pods_Todoey.framework */ = {isa = PBXFileReference; explicitFileType = wrapper.framework; includeInIndex = 0; path = Pods_Todoey.framework; sourceTree = BUILT_PRODUCTS_DIR; };
		40F5976505E5E61E9C4481DF /* Pods-Todoey.debug.xcconfig */ = {isa = PBXFileReference; includeInIndex = 1; lastKnownFileType = text.xcconfig; name = "Pods-Todoey.debug.xcconfig"; path = "Pods/Target Support Files/Pods-Todoey/Pods-Todoey.debug.xcconfig"; sourceTree = "<group>"; };
		82D8E5E42035B7B700C050A0 /* Todoey.app */ = {isa = PBXFileReference; explicitFileType = wrapper.application; includeInIndex = 0; path = Todoey.app; sourceTree = BUILT_PRODUCTS_DIR; };
		82D8E5E72035B7B700C050A0 /* AppDelegate.swift */ = {isa = PBXFileReference; lastKnownFileType = sourcecode.swift; path = AppDelegate.swift; sourceTree = "<group>"; };
		82D8E5E92035B7B700C050A0 /* TodoListViewController.swift */ = {isa = PBXFileReference; lastKnownFileType = sourcecode.swift; path = TodoListViewController.swift; sourceTree = "<group>"; };
		82D8E5EC2035B7B700C050A0 /* Base */ = {isa = PBXFileReference; lastKnownFileType = file.storyboard; name = Base; path = Base.lproj/Main.storyboard; sourceTree = "<group>"; };
		82D8E5EE2035B7B700C050A0 /* Assets.xcassets */ = {isa = PBXFileReference; lastKnownFileType = folder.assetcatalog; path = Assets.xcassets; sourceTree = "<group>"; };
		82D8E5F12035B7B700C050A0 /* Base */ = {isa = PBXFileReference; lastKnownFileType = file.storyboard; name = Base; path = Base.lproj/LaunchScreen.storyboard; sourceTree = "<group>"; };
		82D8E5F32035B7B700C050A0 /* Info.plist */ = {isa = PBXFileReference; lastKnownFileType = text.plist.xml; path = Info.plist; sourceTree = "<group>"; };
		82D8E623203C74CA00C050A0 /* CategoryViewController.swift */ = {isa = PBXFileReference; lastKnownFileType = sourcecode.swift; path = CategoryViewController.swift; sourceTree = "<group>"; };
		82E517BA203CBB3400FD5930 /* Item.swift */ = {isa = PBXFileReference; lastKnownFileType = sourcecode.swift; path = Item.swift; sourceTree = "<group>"; };
		82E517BC203CBB4100FD5930 /* Category.swift */ = {isa = PBXFileReference; lastKnownFileType = sourcecode.swift; path = Category.swift; sourceTree = "<group>"; };
/* End PBXFileReference section */

/* Begin PBXFrameworksBuildPhase section */
		82D8E5E12035B7B700C050A0 /* Frameworks */ = {
			isa = PBXFrameworksBuildPhase;
			buildActionMask = 2147483647;
			files = (
				FA656961A114C825F7734DAD /* Pods_Todoey.framework in Frameworks */,
			);
			runOnlyForDeploymentPostprocessing = 0;
		};
/* End PBXFrameworksBuildPhase section */

/* Begin PBXGroup section */
		82D8E5DB2035B7B700C050A0 = {
			isa = PBXGroup;
			children = (
				82D8E5E62035B7B700C050A0 /* Todoey */,
				82D8E5E52035B7B700C050A0 /* Products */,
				E82977D7FC3674C4BB0BDD8D /* Pods */,
				8F2C1B9AE36AD3B66D89937A /* Frameworks */,
			);
			sourceTree = "<group>";
		};
		82D8E5E52035B7B700C050A0 /* Products */ = {
			isa = PBXGroup;
			children = (
				82D8E5E42035B7B700C050A0 /* Todoey.app */,
			);
			name = Products;
			sourceTree = "<group>";
		};
		82D8E5E62035B7B700C050A0 /* Todoey */ = {
			isa = PBXGroup;
			children = (
				82D8E5E72035B7B700C050A0 /* AppDelegate.swift */,
				82D8E5FC2038C68100C050A0 /* Controllers */,
				82D8E5FB2038C66100C050A0 /* Data Model */,
				82D8E5FD2038C68900C050A0 /* Views */,
				82D8E5FE2038C6C300C050A0 /* Supporting Files */,
				82D8E5F32035B7B700C050A0 /* Info.plist */,
			);
			path = Todoey;
			sourceTree = "<group>";
		};
		82D8E5FB2038C66100C050A0 /* Data Model */ = {
			isa = PBXGroup;
			children = (
				82E517BC203CBB4100FD5930 /* Category.swift */,
				82E517BA203CBB3400FD5930 /* Item.swift */,
			);
			path = "Data Model";
			sourceTree = "<group>";
		};
		82D8E5FC2038C68100C050A0 /* Controllers */ = {
			isa = PBXGroup;
			children = (
				82D8E623203C74CA00C050A0 /* CategoryViewController.swift */,
				82D8E5E92035B7B700C050A0 /* TodoListViewController.swift */,
			);
			path = Controllers;
			sourceTree = "<group>";
		};
		82D8E5FD2038C68900C050A0 /* Views */ = {
			isa = PBXGroup;
			children = (
				82D8E5EB2035B7B700C050A0 /* Main.storyboard */,
			);
			path = Views;
			sourceTree = "<group>";
		};
		82D8E5FE2038C6C300C050A0 /* Supporting Files */ = {
			isa = PBXGroup;
			children = (
				82D8E5EE2035B7B700C050A0 /* Assets.xcassets */,
				82D8E5F02035B7B700C050A0 /* LaunchScreen.storyboard */,
			);
			path = "Supporting Files";
			sourceTree = "<group>";
		};
		8F2C1B9AE36AD3B66D89937A /* Frameworks */ = {
			isa = PBXGroup;
			children = (
				24EF2598197470191E584046 /* Pods_Todoey.framework */,
			);
			name = Frameworks;
			sourceTree = "<group>";
		};
		E82977D7FC3674C4BB0BDD8D /* Pods */ = {
			isa = PBXGroup;
			children = (
				40F5976505E5E61E9C4481DF /* Pods-Todoey.debug.xcconfig */,
				2024C793DCABEFB8FB40A461 /* Pods-Todoey.release.xcconfig */,
			);
			name = Pods;
			sourceTree = "<group>";
		};
/* End PBXGroup section */

/* Begin PBXNativeTarget section */
		82D8E5E32035B7B700C050A0 /* Todoey */ = {
			isa = PBXNativeTarget;
			buildConfigurationList = 82D8E5F62035B7B700C050A0 /* Build configuration list for PBXNativeTarget "Todoey" */;
			buildPhases = (
				61027887BB1795AE534C5C65 /* [CP] Check Pods Manifest.lock */,
				82D8E5E02035B7B700C050A0 /* Sources */,
				82D8E5E12035B7B700C050A0 /* Frameworks */,
				82D8E5E22035B7B700C050A0 /* Resources */,
				9C83B247ADDD8B16B38041B7 /* [CP] Embed Pods Frameworks */,
				696F7786358CAD9775777AAE /* [CP] Copy Pods Resources */,
			);
			buildRules = (
			);
			dependencies = (
			);
			name = Todoey;
			productName = Todoey;
			productReference = 82D8E5E42035B7B700C050A0 /* Todoey.app */;
			productType = "com.apple.product-type.application";
		};
/* End PBXNativeTarget section */

/* Begin PBXProject section */
		82D8E5DC2035B7B700C050A0 /* Project object */ = {
			isa = PBXProject;
			attributes = {
				LastSwiftUpdateCheck = 0920;
				LastUpgradeCheck = 0920;
				ORGANIZATIONNAME = "Stephanie Morgan";
				TargetAttributes = {
					82D8E5E32035B7B700C050A0 = {
						CreatedOnToolsVersion = 9.2;
						ProvisioningStyle = Automatic;
					};
				};
			};
			buildConfigurationList = 82D8E5DF2035B7B700C050A0 /* Build configuration list for PBXProject "Todoey" */;
			compatibilityVersion = "Xcode 8.0";
			developmentRegion = en;
			hasScannedForEncodings = 0;
			knownRegions = (
				en,
				Base,
			);
			mainGroup = 82D8E5DB2035B7B700C050A0;
			productRefGroup = 82D8E5E52035B7B700C050A0 /* Products */;
			projectDirPath = "";
			projectRoot = "";
			targets = (
				82D8E5E32035B7B700C050A0 /* Todoey */,
			);
		};
/* End PBXProject section */

/* Begin PBXResourcesBuildPhase section */
		82D8E5E22035B7B700C050A0 /* Resources */ = {
			isa = PBXResourcesBuildPhase;
			buildActionMask = 2147483647;
			files = (
				82D8E5F22035B7B700C050A0 /* LaunchScreen.storyboard in Resources */,
				82D8E5EF2035B7B700C050A0 /* Assets.xcassets in Resources */,
				82D8E5ED2035B7B700C050A0 /* Main.storyboard in Resources */,
			);
			runOnlyForDeploymentPostprocessing = 0;
		};
/* End PBXResourcesBuildPhase section */

/* Begin PBXShellScriptBuildPhase section */
		61027887BB1795AE534C5C65 /* [CP] Check Pods Manifest.lock */ = {
			isa = PBXShellScriptBuildPhase;
			buildActionMask = 2147483647;
			files = (
			);
			inputPaths = (
				"${PODS_PODFILE_DIR_PATH}/Podfile.lock",
				"${PODS_ROOT}/Manifest.lock",
			);
			name = "[CP] Check Pods Manifest.lock";
			outputPaths = (
				"$(DERIVED_FILE_DIR)/Pods-Todoey-checkManifestLockResult.txt",
			);
			runOnlyForDeploymentPostprocessing = 0;
			shellPath = /bin/sh;
			shellScript = "diff \"${PODS_PODFILE_DIR_PATH}/Podfile.lock\" \"${PODS_ROOT}/Manifest.lock\" > /dev/null\nif [ $? != 0 ] ; then\n    # print error to STDERR\n    echo \"error: The sandbox is not in sync with the Podfile.lock. Run 'pod install' or update your CocoaPods installation.\" >&2\n    exit 1\nfi\n# This output is used by Xcode 'outputs' to avoid re-running this script phase.\necho \"SUCCESS\" > \"${SCRIPT_OUTPUT_FILE_0}\"\n";
			showEnvVarsInLog = 0;
		};
		696F7786358CAD9775777AAE /* [CP] Copy Pods Resources */ = {
			isa = PBXShellScriptBuildPhase;
			buildActionMask = 2147483647;
			files = (
			);
			inputPaths = (
			);
			name = "[CP] Copy Pods Resources";
			outputPaths = (
			);
			runOnlyForDeploymentPostprocessing = 0;
			shellPath = /bin/sh;
			shellScript = "\"${SRCROOT}/Pods/Target Support Files/Pods-Todoey/Pods-Todoey-resources.sh\"\n";
			showEnvVarsInLog = 0;
		};
		9C83B247ADDD8B16B38041B7 /* [CP] Embed Pods Frameworks */ = {
			isa = PBXShellScriptBuildPhase;
			buildActionMask = 2147483647;
			files = (
			);
			inputPaths = (
				"${SRCROOT}/Pods/Target Support Files/Pods-Todoey/Pods-Todoey-frameworks.sh",
				"${BUILT_PRODUCTS_DIR}/Realm/Realm.framework",
				"${BUILT_PRODUCTS_DIR}/RealmSwift/RealmSwift.framework",
			);
			name = "[CP] Embed Pods Frameworks";
			outputPaths = (
				"${TARGET_BUILD_DIR}/${FRAMEWORKS_FOLDER_PATH}/Realm.framework",
				"${TARGET_BUILD_DIR}/${FRAMEWORKS_FOLDER_PATH}/RealmSwift.framework",
			);
			runOnlyForDeploymentPostprocessing = 0;
			shellPath = /bin/sh;
			shellScript = "\"${SRCROOT}/Pods/Target Support Files/Pods-Todoey/Pods-Todoey-frameworks.sh\"\n";
			showEnvVarsInLog = 0;
		};
/* End PBXShellScriptBuildPhase section */

/* Begin PBXSourcesBuildPhase section */
		82D8E5E02035B7B700C050A0 /* Sources */ = {
			isa = PBXSourcesBuildPhase;
			buildActionMask = 2147483647;
			files = (
				82E517BB203CBB3400FD5930 /* Item.swift in Sources */,
				82D8E624203C74CA00C050A0 /* CategoryViewController.swift in Sources */,
				82D8E5EA2035B7B700C050A0 /* TodoListViewController.swift in Sources */,
				82D8E5E82035B7B700C050A0 /* AppDelegate.swift in Sources */,
				82E517BD203CBB4100FD5930 /* Category.swift in Sources */,
			);
			runOnlyForDeploymentPostprocessing = 0;
		};
/* End PBXSourcesBuildPhase section */

/* Begin PBXVariantGroup section */
		82D8E5EB2035B7B700C050A0 /* Main.storyboard */ = {
			isa = PBXVariantGroup;
			children = (
				82D8E5EC2035B7B700C050A0 /* Base */,
			);
			name = Main.storyboard;
			sourceTree = "<group>";
		};
		82D8E5F02035B7B700C050A0 /* LaunchScreen.storyboard */ = {
			isa = PBXVariantGroup;
			children = (
				82D8E5F12035B7B700C050A0 /* Base */,
			);
			name = LaunchScreen.storyboard;
			sourceTree = "<group>";
		};
/* End PBXVariantGroup section */

/* Begin XCBuildConfiguration section */
		82D8E5F42035B7B700C050A0 /* Debug */ = {
			isa = XCBuildConfiguration;
			buildSettings = {
				ALWAYS_SEARCH_USER_PATHS = NO;
				CLANG_ANALYZER_NONNULL = YES;
				CLANG_ANALYZER_NUMBER_OBJECT_CONVERSION = YES_AGGRESSIVE;
				CLANG_CXX_LANGUAGE_STANDARD = "gnu++14";
				CLANG_CXX_LIBRARY = "libc++";
				CLANG_ENABLE_MODULES = YES;
				CLANG_ENABLE_OBJC_ARC = YES;
				CLANG_WARN_BLOCK_CAPTURE_AUTORELEASING = YES;
				CLANG_WARN_BOOL_CONVERSION = YES;
				CLANG_WARN_COMMA = YES;
				CLANG_WARN_CONSTANT_CONVERSION = YES;
				CLANG_WARN_DIRECT_OBJC_ISA_USAGE = YES_ERROR;
				CLANG_WARN_DOCUMENTATION_COMMENTS = YES;
				CLANG_WARN_EMPTY_BODY = YES;
				CLANG_WARN_ENUM_CONVERSION = YES;
				CLANG_WARN_INFINITE_RECURSION = YES;
				CLANG_WARN_INT_CONVERSION = YES;
				CLANG_WARN_NON_LITERAL_NULL_CONVERSION = YES;
				CLANG_WARN_OBJC_LITERAL_CONVERSION = YES;
				CLANG_WARN_OBJC_ROOT_CLASS = YES_ERROR;
				CLANG_WARN_RANGE_LOOP_ANALYSIS = YES;
				CLANG_WARN_STRICT_PROTOTYPES = YES;
				CLANG_WARN_SUSPICIOUS_MOVE = YES;
				CLANG_WARN_UNGUARDED_AVAILABILITY = YES_AGGRESSIVE;
				CLANG_WARN_UNREACHABLE_CODE = YES;
				CLANG_WARN__DUPLICATE_METHOD_MATCH = YES;
				CODE_SIGN_IDENTITY = "iPhone Developer";
				COPY_PHASE_STRIP = NO;
				DEBUG_INFORMATION_FORMAT = dwarf;
				ENABLE_STRICT_OBJC_MSGSEND = YES;
				ENABLE_TESTABILITY = YES;
				GCC_C_LANGUAGE_STANDARD = gnu11;
				GCC_DYNAMIC_NO_PIC = NO;
				GCC_NO_COMMON_BLOCKS = YES;
				GCC_OPTIMIZATION_LEVEL = 0;
				GCC_PREPROCESSOR_DEFINITIONS = (
					"DEBUG=1",
					"$(inherited)",
				);
				GCC_WARN_64_TO_32_BIT_CONVERSION = YES;
				GCC_WARN_ABOUT_RETURN_TYPE = YES_ERROR;
				GCC_WARN_UNDECLARED_SELECTOR = YES;
				GCC_WARN_UNINITIALIZED_AUTOS = YES_AGGRESSIVE;
				GCC_WARN_UNUSED_FUNCTION = YES;
				GCC_WARN_UNUSED_VARIABLE = YES;
				IPHONEOS_DEPLOYMENT_TARGET = 11.2;
				MTL_ENABLE_DEBUG_INFO = YES;
				ONLY_ACTIVE_ARCH = YES;
				SDKROOT = iphoneos;
				SWIFT_ACTIVE_COMPILATION_CONDITIONS = DEBUG;
				SWIFT_OPTIMIZATION_LEVEL = "-Onone";
			};
			name = Debug;
		};
		82D8E5F52035B7B700C050A0 /* Release */ = {
			isa = XCBuildConfiguration;
			buildSettings = {
				ALWAYS_SEARCH_USER_PATHS = NO;
				CLANG_ANALYZER_NONNULL = YES;
				CLANG_ANALYZER_NUMBER_OBJECT_CONVERSION = YES_AGGRESSIVE;
				CLANG_CXX_LANGUAGE_STANDARD = "gnu++14";
				CLANG_CXX_LIBRARY = "libc++";
				CLANG_ENABLE_MODULES = YES;
				CLANG_ENABLE_OBJC_ARC = YES;
				CLANG_WARN_BLOCK_CAPTURE_AUTORELEASING = YES;
				CLANG_WARN_BOOL_CONVERSION = YES;
				CLANG_WARN_COMMA = YES;
				CLANG_WARN_CONSTANT_CONVERSION = YES;
				CLANG_WARN_DIRECT_OBJC_ISA_USAGE = YES_ERROR;
				CLANG_WARN_DOCUMENTATION_COMMENTS = YES;
				CLANG_WARN_EMPTY_BODY = YES;
				CLANG_WARN_ENUM_CONVERSION = YES;
				CLANG_WARN_INFINITE_RECURSION = YES;
				CLANG_WARN_INT_CONVERSION = YES;
				CLANG_WARN_NON_LITERAL_NULL_CONVERSION = YES;
				CLANG_WARN_OBJC_LITERAL_CONVERSION = YES;
				CLANG_WARN_OBJC_ROOT_CLASS = YES_ERROR;
				CLANG_WARN_RANGE_LOOP_ANALYSIS = YES;
				CLANG_WARN_STRICT_PROTOTYPES = YES;
				CLANG_WARN_SUSPICIOUS_MOVE = YES;
				CLANG_WARN_UNGUARDED_AVAILABILITY = YES_AGGRESSIVE;
				CLANG_WARN_UNREACHABLE_CODE = YES;
				CLANG_WARN__DUPLICATE_METHOD_MATCH = YES;
				CODE_SIGN_IDENTITY = "iPhone Developer";
				COPY_PHASE_STRIP = NO;
				DEBUG_INFORMATION_FORMAT = "dwarf-with-dsym";
				ENABLE_NS_ASSERTIONS = NO;
				ENABLE_STRICT_OBJC_MSGSEND = YES;
				GCC_C_LANGUAGE_STANDARD = gnu11;
				GCC_NO_COMMON_BLOCKS = YES;
				GCC_WARN_64_TO_32_BIT_CONVERSION = YES;
				GCC_WARN_ABOUT_RETURN_TYPE = YES_ERROR;
				GCC_WARN_UNDECLARED_SELECTOR = YES;
				GCC_WARN_UNINITIALIZED_AUTOS = YES_AGGRESSIVE;
				GCC_WARN_UNUSED_FUNCTION = YES;
				GCC_WARN_UNUSED_VARIABLE = YES;
				IPHONEOS_DEPLOYMENT_TARGET = 11.2;
				MTL_ENABLE_DEBUG_INFO = NO;
				SDKROOT = iphoneos;
				SWIFT_OPTIMIZATION_LEVEL = "-Owholemodule";
				VALIDATE_PRODUCT = YES;
			};
			name = Release;
		};
		82D8E5F72035B7B700C050A0 /* Debug */ = {
			isa = XCBuildConfiguration;
			baseConfigurationReference = 40F5976505E5E61E9C4481DF /* Pods-Todoey.debug.xcconfig */;
			buildSettings = {
				ASSETCATALOG_COMPILER_APPICON_NAME = AppIcon;
				CODE_SIGN_STYLE = Automatic;
				DEVELOPMENT_TEAM = 3633X2TTF2;
				INFOPLIST_FILE = Todoey/Info.plist;
				LD_RUNPATH_SEARCH_PATHS = "$(inherited) @executable_path/Frameworks";
				PRODUCT_BUNDLE_IDENTIFIER = com.stephaniehmorgan.Todoey;
				PRODUCT_NAME = "$(TARGET_NAME)";
				SWIFT_VERSION = 4.0;
				TARGETED_DEVICE_FAMILY = "1,2";
			};
			name = Debug;
		};
		82D8E5F82035B7B700C050A0 /* Release */ = {
			isa = XCBuildConfiguration;
			baseConfigurationReference = 2024C793DCABEFB8FB40A461 /* Pods-Todoey.release.xcconfig */;
			buildSettings = {
				ASSETCATALOG_COMPILER_APPICON_NAME = AppIcon;
				CODE_SIGN_STYLE = Automatic;
				DEVELOPMENT_TEAM = 3633X2TTF2;
				INFOPLIST_FILE = Todoey/Info.plist;
				LD_RUNPATH_SEARCH_PATHS = "$(inherited) @executable_path/Frameworks";
				PRODUCT_BUNDLE_IDENTIFIER = com.stephaniehmorgan.Todoey;
				PRODUCT_NAME = "$(TARGET_NAME)";
				SWIFT_VERSION = 4.0;
				TARGETED_DEVICE_FAMILY = "1,2";
			};
			name = Release;
		};
/* End XCBuildConfiguration section */

/* Begin XCConfigurationList section */
		82D8E5DF2035B7B700C050A0 /* Build configuration list for PBXProject "Todoey" */ = {
			isa = XCConfigurationList;
			buildConfigurations = (
				82D8E5F42035B7B700C050A0 /* Debug */,
				82D8E5F52035B7B700C050A0 /* Release */,
			);
			defaultConfigurationIsVisible = 0;
			defaultConfigurationName = Release;
		};
		82D8E5F62035B7B700C050A0 /* Build configuration list for PBXNativeTarget "Todoey" */ = {
			isa = XCConfigurationList;
			buildConfigurations = (
				82D8E5F72035B7B700C050A0 /* Debug */,
				82D8E5F82035B7B700C050A0 /* Release */,
			);
			defaultConfigurationIsVisible = 0;
			defaultConfigurationName = Release;
		};
/* End XCConfigurationList section */
	};
	rootObject = 82D8E5DC2035B7B700C050A0 /* Project object */;
}
